
Microsoft Visual Studio Solution File, Format Version 12.00
# Visual Studio Version 16
VisualStudioVersion = 16.0.32126.315
MinimumVisualStudioVersion = 10.0.40219.1
Project("{FAE04EC0-301F-11D3-BF4B-00C04F79EFBC}") = "SummaMoveWPF", "SummaMoveWPF\SummaMoveWPF.csproj", "{27193D3D-C880-489E-BB6B-D743C7B7A0CB}"
EndProject
Global
	GlobalSection(SolutionConfigurationPlatforms) = preSolution
		Debug|Any CPU = Debug|Any CPU
		Release|Any CPU = Release|Any CPU
	EndGlobalSection
	GlobalSection(ProjectConfigurationPlatforms) = postSolution
		{27193D3D-C880-489E-BB6B-D743C7B7A0CB}.Debug|Any CPU.ActiveCfg = Debug|Any CPU
		{27193D3D-C880-489E-BB6B-D743C7B7A0CB}.Debug|Any CPU.Build.0 = Debug|Any CPU
		{27193D3D-C880-489E-BB6B-D743C7B7A0CB}.Release|Any CPU.ActiveCfg = Release|Any CPU
		{27193D3D-C880-489E-BB6B-D743C7B7A0CB}.Release|Any CPU.Build.0 = Release|Any CPU
	EndGlobalSection
	GlobalSection(SolutionProperties) = preSolution
		HideSolutionNode = FALSE
	EndGlobalSection
	GlobalSection(ExtensibilityGlobals) = postSolution
		SolutionGuid = {9413F832-ECB8-4128-B2DA-F526F50D1BF1}
	EndGlobalSection
EndGlobal
